
Microsoft Visual Studio Solution File, Format Version 12.00
# Visual Studio Version 16
VisualStudioVersion = 16.0.31729.503
MinimumVisualStudioVersion = 10.0.40219.1
Project("{FAE04EC0-301F-11D3-BF4B-00C04F79EFBC}") = "DeligateEvents", "DeligateEvents\DeligateEvents.csproj", "{EF8AF50E-064B-4074-8AC8-82A610CADFD3}"
EndProject
Global
	GlobalSection(SolutionConfigurationPlatforms) = preSolution
		Debug|Any CPU = Debug|Any CPU
		Release|Any CPU = Release|Any CPU
	EndGlobalSection
	GlobalSection(ProjectConfigurationPlatforms) = postSolution
		{EF8AF50E-064B-4074-8AC8-82A610CADFD3}.Debug|Any CPU.ActiveCfg = Debug|Any CPU
		{EF8AF50E-064B-4074-8AC8-82A610CADFD3}.Debug|Any CPU.Build.0 = Debug|Any CPU
		{EF8AF50E-064B-4074-8AC8-82A610CADFD3}.Release|Any CPU.ActiveCfg = Release|Any CPU
		{EF8AF50E-064B-4074-8AC8-82A610CADFD3}.Release|Any CPU.Build.0 = Release|Any CPU
	EndGlobalSection
	GlobalSection(SolutionProperties) = preSolution
		HideSolutionNode = FALSE
	EndGlobalSection
	GlobalSection(ExtensibilityGlobals) = postSolution
		SolutionGuid = {A7355099-13EE-4F4B-9520-C70937A94F2D}
	EndGlobalSection
EndGlobal
